
Microsoft Visual Studio Solution File, Format Version 12.00
Project("{2150E333-8FDC-42A3-9474-1A3956D46DE8}") = "Gateway", "Gateway", "{33EAE92C-4820-4A1B-AD7B-F2119E01395A}"
EndProject
Project("{2150E333-8FDC-42A3-9474-1A3956D46DE8}") = "UnitTests", "UnitTests", "{1521EA0E-DB04-459B-A9F5-7A8E7CF84C6D}"
EndProject
Project("{2150E333-8FDC-42A3-9474-1A3956D46DE8}") = "GatewayUnitTests", "GatewayUnitTests", "{E84B9F5E-FEFF-4EB7-87BB-67B0D0462F15}"
EndProject
Project("{FAE04EC0-301F-11D3-BF4B-00C04F79EFBC}") = "GatewayUnitTests", "GatewayUnitTests\GatewayUnitTests.csproj", "{8983C286-A265-4DBE-B249-80DE02F35666}"
EndProject
Project("{FAE04EC0-301F-11D3-BF4B-00C04F79EFBC}") = "Gateway", "Gateway\Gateway.csproj", "{E9FF9FE2-FE43-41A4-B35B-9EE05273905D}"
EndProject
Global
	GlobalSection(SolutionConfigurationPlatforms) = preSolution
		Debug|Any CPU = Debug|Any CPU
		Release|Any CPU = Release|Any CPU
	EndGlobalSection
	GlobalSection(NestedProjects) = preSolution
		{E84B9F5E-FEFF-4EB7-87BB-67B0D0462F15} = {1521EA0E-DB04-459B-A9F5-7A8E7CF84C6D}
		{8983C286-A265-4DBE-B249-80DE02F35666} = {E84B9F5E-FEFF-4EB7-87BB-67B0D0462F15}
		{E9FF9FE2-FE43-41A4-B35B-9EE05273905D} = {33EAE92C-4820-4A1B-AD7B-F2119E01395A}
	EndGlobalSection
	GlobalSection(ProjectConfigurationPlatforms) = postSolution
		{8983C286-A265-4DBE-B249-80DE02F35666}.Debug|Any CPU.ActiveCfg = Debug|Any CPU
		{8983C286-A265-4DBE-B249-80DE02F35666}.Debug|Any CPU.Build.0 = Debug|Any CPU
		{8983C286-A265-4DBE-B249-80DE02F35666}.Release|Any CPU.ActiveCfg = Release|Any CPU
		{8983C286-A265-4DBE-B249-80DE02F35666}.Release|Any CPU.Build.0 = Release|Any CPU
		{E9FF9FE2-FE43-41A4-B35B-9EE05273905D}.Debug|Any CPU.ActiveCfg = Debug|Any CPU
		{E9FF9FE2-FE43-41A4-B35B-9EE05273905D}.Debug|Any CPU.Build.0 = Debug|Any CPU
		{E9FF9FE2-FE43-41A4-B35B-9EE05273905D}.Release|Any CPU.ActiveCfg = Release|Any CPU
		{E9FF9FE2-FE43-41A4-B35B-9EE05273905D}.Release|Any CPU.Build.0 = Release|Any CPU
	EndGlobalSection
EndGlobal
